
Microsoft Visual Studio Solution File, Format Version 12.00
# Visual Studio Version 17
VisualStudioVersion = 17.9.34723.18
MinimumVisualStudioVersion = 10.0.40219.1
Project("{9A19103F-16F7-4668-BE54-9A1E7A4F7556}") = "MudBlazorBolos", "MudBlazorBolos\MudBlazorBolos.csproj", "{D34DC943-C0B0-4355-BD08-88E1B9B296E2}"
EndProject
Project("{FAE04EC0-301F-11D3-BF4B-00C04F79EFBC}") = "MudBlazorBolos.Domain", "MudBlazorBolos.Domain\MudBlazorBolos.Domain.csproj", "{BC9F2B2B-4A69-418B-A3EF-8B24768BF10B}"
EndProject
Global
	GlobalSection(SolutionConfigurationPlatforms) = preSolution
		Debug|Any CPU = Debug|Any CPU
		Release|Any CPU = Release|Any CPU
	EndGlobalSection
	GlobalSection(ProjectConfigurationPlatforms) = postSolution
		{D34DC943-C0B0-4355-BD08-88E1B9B296E2}.Debug|Any CPU.ActiveCfg = Debug|Any CPU
		{D34DC943-C0B0-4355-BD08-88E1B9B296E2}.Debug|Any CPU.Build.0 = Debug|Any CPU
		{D34DC943-C0B0-4355-BD08-88E1B9B296E2}.Release|Any CPU.ActiveCfg = Release|Any CPU
		{D34DC943-C0B0-4355-BD08-88E1B9B296E2}.Release|Any CPU.Build.0 = Release|Any CPU
		{BC9F2B2B-4A69-418B-A3EF-8B24768BF10B}.Debug|Any CPU.ActiveCfg = Debug|Any CPU
		{BC9F2B2B-4A69-418B-A3EF-8B24768BF10B}.Debug|Any CPU.Build.0 = Debug|Any CPU
		{BC9F2B2B-4A69-418B-A3EF-8B24768BF10B}.Release|Any CPU.ActiveCfg = Release|Any CPU
		{BC9F2B2B-4A69-418B-A3EF-8B24768BF10B}.Release|Any CPU.Build.0 = Release|Any CPU
	EndGlobalSection
	GlobalSection(SolutionProperties) = preSolution
		HideSolutionNode = FALSE
	EndGlobalSection
	GlobalSection(ExtensibilityGlobals) = postSolution
		SolutionGuid = {5DE70D34-FCA1-4337-9C0B-A3DD34E75552}
	EndGlobalSection
EndGlobal
